
Microsoft Visual Studio Solution File, Format Version 12.00
# Visual Studio 15
VisualStudioVersion = 15.0.26228.76
MinimumVisualStudioVersion = 10.0.40219.1
Project("{9A19103F-16F7-4668-BE54-9A1E7A4F7556}") = "Domain", "Domain\Domain.csproj", "{48070F2E-425F-4F94-BD01-4F01E111F24C}"
EndProject
Project("{9A19103F-16F7-4668-BE54-9A1E7A4F7556}") = "Domain.Tests", "Domain.Tests\Domain.Tests.csproj", "{AB82FC05-E639-433A-99ED-F3095495AF43}"
EndProject
Project("{2150E333-8FDC-42A3-9474-1A3956D46DE8}") = "ddd", "ddd", "{FFD24E79-3F92-4A17-AA4D-805283762324}"
EndProject
Project("{2150E333-8FDC-42A3-9474-1A3956D46DE8}") = "Tests", "Tests", "{A69FCDD7-AF34-42F9-8BE8-08951D31F35B}"
EndProject
Project("{9A19103F-16F7-4668-BE54-9A1E7A4F7556}") = "Infrastructure", "Infrastructure\Infrastructure.csproj", "{4C802564-11A4-4293-B151-894591AC4720}"
EndProject
Project("{2150E333-8FDC-42A3-9474-1A3956D46DE8}") = "dapper", "dapper", "{F7402CE9-7357-48BD-BFAE-505BA2D0BF92}"
EndProject
Project("{9A19103F-16F7-4668-BE54-9A1E7A4F7556}") = "Infrastructure.Dapper", "Infrastructure.Dapper\Infrastructure.Dapper.csproj", "{574741B4-A83C-45F4-B821-E80E655746AB}"
EndProject
Project("{FAE04EC0-301F-11D3-BF4B-00C04F79EFBC}") = "Infrastructure.Dapper.Tests", "Infrastructure.Dapper.Tests\Infrastructure.Dapper.Tests.csproj", "{F8A514C8-FC71-48FF-8998-038E0340B550}"
EndProject
Project("{FAE04EC0-301F-11D3-BF4B-00C04F79EFBC}") = "Infrastructure.Tests", "Infrastructure.Tests\Infrastructure.Tests.csproj", "{D4816ECD-A612-4279-96FD-C22B912F11E2}"
EndProject
Project("{FAE04EC0-301F-11D3-BF4B-00C04F79EFBC}") = "Application", "Application\Application.csproj", "{03D78147-CBDF-4682-BC43-2E35F15FA3B5}"
EndProject
Project("{FAE04EC0-301F-11D3-BF4B-00C04F79EFBC}") = "Application.Tests", "Application.Tests\Application.Tests.csproj", "{69CF9F47-C639-494E-87BB-1375A6AED8DA}"
EndProject
Project("{FAE04EC0-301F-11D3-BF4B-00C04F79EFBC}") = "Application.Tests.AnotherAssembly", "Application.Tests.AnotherAssembly\Application.Tests.AnotherAssembly.csproj", "{C074E441-6033-4819-A93D-19029297CA81}"
EndProject
Global
	GlobalSection(SolutionConfigurationPlatforms) = preSolution
		Debug|Any CPU = Debug|Any CPU
		Release|Any CPU = Release|Any CPU
	EndGlobalSection
	GlobalSection(ProjectConfigurationPlatforms) = postSolution
		{48070F2E-425F-4F94-BD01-4F01E111F24C}.Debug|Any CPU.ActiveCfg = Debug|Any CPU
		{48070F2E-425F-4F94-BD01-4F01E111F24C}.Debug|Any CPU.Build.0 = Debug|Any CPU
		{48070F2E-425F-4F94-BD01-4F01E111F24C}.Release|Any CPU.ActiveCfg = Release|Any CPU
		{48070F2E-425F-4F94-BD01-4F01E111F24C}.Release|Any CPU.Build.0 = Release|Any CPU
		{AB82FC05-E639-433A-99ED-F3095495AF43}.Debug|Any CPU.ActiveCfg = Debug|Any CPU
		{AB82FC05-E639-433A-99ED-F3095495AF43}.Debug|Any CPU.Build.0 = Debug|Any CPU
		{AB82FC05-E639-433A-99ED-F3095495AF43}.Release|Any CPU.ActiveCfg = Release|Any CPU
		{AB82FC05-E639-433A-99ED-F3095495AF43}.Release|Any CPU.Build.0 = Release|Any CPU
		{4C802564-11A4-4293-B151-894591AC4720}.Debug|Any CPU.ActiveCfg = Debug|Any CPU
		{4C802564-11A4-4293-B151-894591AC4720}.Debug|Any CPU.Build.0 = Debug|Any CPU
		{4C802564-11A4-4293-B151-894591AC4720}.Release|Any CPU.ActiveCfg = Release|Any CPU
		{4C802564-11A4-4293-B151-894591AC4720}.Release|Any CPU.Build.0 = Release|Any CPU
		{574741B4-A83C-45F4-B821-E80E655746AB}.Debug|Any CPU.ActiveCfg = Debug|Any CPU
		{574741B4-A83C-45F4-B821-E80E655746AB}.Debug|Any CPU.Build.0 = Debug|Any CPU
		{574741B4-A83C-45F4-B821-E80E655746AB}.Release|Any CPU.ActiveCfg = Release|Any CPU
		{574741B4-A83C-45F4-B821-E80E655746AB}.Release|Any CPU.Build.0 = Release|Any CPU
		{F8A514C8-FC71-48FF-8998-038E0340B550}.Debug|Any CPU.ActiveCfg = Debug|Any CPU
		{F8A514C8-FC71-48FF-8998-038E0340B550}.Debug|Any CPU.Build.0 = Debug|Any CPU
		{F8A514C8-FC71-48FF-8998-038E0340B550}.Release|Any CPU.ActiveCfg = Release|Any CPU
		{F8A514C8-FC71-48FF-8998-038E0340B550}.Release|Any CPU.Build.0 = Release|Any CPU
		{D4816ECD-A612-4279-96FD-C22B912F11E2}.Debug|Any CPU.ActiveCfg = Debug|Any CPU
		{D4816ECD-A612-4279-96FD-C22B912F11E2}.Debug|Any CPU.Build.0 = Debug|Any CPU
		{D4816ECD-A612-4279-96FD-C22B912F11E2}.Release|Any CPU.ActiveCfg = Release|Any CPU
		{D4816ECD-A612-4279-96FD-C22B912F11E2}.Release|Any CPU.Build.0 = Release|Any CPU
		{03D78147-CBDF-4682-BC43-2E35F15FA3B5}.Debug|Any CPU.ActiveCfg = Debug|Any CPU
		{03D78147-CBDF-4682-BC43-2E35F15FA3B5}.Debug|Any CPU.Build.0 = Debug|Any CPU
		{03D78147-CBDF-4682-BC43-2E35F15FA3B5}.Release|Any CPU.ActiveCfg = Release|Any CPU
		{03D78147-CBDF-4682-BC43-2E35F15FA3B5}.Release|Any CPU.Build.0 = Release|Any CPU
		{69CF9F47-C639-494E-87BB-1375A6AED8DA}.Debug|Any CPU.ActiveCfg = Debug|Any CPU
		{69CF9F47-C639-494E-87BB-1375A6AED8DA}.Debug|Any CPU.Build.0 = Debug|Any CPU
		{69CF9F47-C639-494E-87BB-1375A6AED8DA}.Release|Any CPU.ActiveCfg = Release|Any CPU
		{69CF9F47-C639-494E-87BB-1375A6AED8DA}.Release|Any CPU.Build.0 = Release|Any CPU
		{C074E441-6033-4819-A93D-19029297CA81}.Debug|Any CPU.ActiveCfg = Debug|Any CPU
		{C074E441-6033-4819-A93D-19029297CA81}.Debug|Any CPU.Build.0 = Debug|Any CPU
		{C074E441-6033-4819-A93D-19029297CA81}.Release|Any CPU.ActiveCfg = Release|Any CPU
		{C074E441-6033-4819-A93D-19029297CA81}.Release|Any CPU.Build.0 = Release|Any CPU
	EndGlobalSection
	GlobalSection(SolutionProperties) = preSolution
		HideSolutionNode = FALSE
	EndGlobalSection
	GlobalSection(NestedProjects) = preSolution
		{48070F2E-425F-4F94-BD01-4F01E111F24C} = {FFD24E79-3F92-4A17-AA4D-805283762324}
		{AB82FC05-E639-433A-99ED-F3095495AF43} = {A69FCDD7-AF34-42F9-8BE8-08951D31F35B}
		{4C802564-11A4-4293-B151-894591AC4720} = {FFD24E79-3F92-4A17-AA4D-805283762324}
		{574741B4-A83C-45F4-B821-E80E655746AB} = {F7402CE9-7357-48BD-BFAE-505BA2D0BF92}
		{F8A514C8-FC71-48FF-8998-038E0340B550} = {A69FCDD7-AF34-42F9-8BE8-08951D31F35B}
		{D4816ECD-A612-4279-96FD-C22B912F11E2} = {A69FCDD7-AF34-42F9-8BE8-08951D31F35B}
		{03D78147-CBDF-4682-BC43-2E35F15FA3B5} = {FFD24E79-3F92-4A17-AA4D-805283762324}
		{69CF9F47-C639-494E-87BB-1375A6AED8DA} = {A69FCDD7-AF34-42F9-8BE8-08951D31F35B}
		{C074E441-6033-4819-A93D-19029297CA81} = {A69FCDD7-AF34-42F9-8BE8-08951D31F35B}
	EndGlobalSection
	GlobalSection(ExtensibilityGlobals) = postSolution
		SolutionGuid = {345BCA01-4C13-4864-A069-95B8F4ABB898}
	EndGlobalSection
EndGlobal
