
Microsoft Visual Studio Solution File, Format Version 12.00
# Visual Studio 15
VisualStudioVersion = 15.0.27428.2005
MinimumVisualStudioVersion = 10.0.40219.1
Project("{FAE04EC0-301F-11D3-BF4B-00C04F79EFBC}") = "Domain", "Domain\Domain.csproj", "{48070F2E-425F-4F94-BD01-4F01E111F24C}"
EndProject
Project("{FAE04EC0-301F-11D3-BF4B-00C04F79EFBC}") = "Domain.Tests", "Domain.Tests\Domain.Tests.csproj", "{AB82FC05-E639-433A-99ED-F3095495AF43}"
EndProject
Global
	GlobalSection(SolutionConfigurationPlatforms) = preSolution
		Debug|Any CPU = Debug|Any CPU
		Release|Any CPU = Release|Any CPU
	EndGlobalSection
	GlobalSection(ProjectConfigurationPlatforms) = postSolution
		{48070F2E-425F-4F94-BD01-4F01E111F24C}.Debug|Any CPU.ActiveCfg = Debug|Any CPU
		{48070F2E-425F-4F94-BD01-4F01E111F24C}.Debug|Any CPU.Build.0 = Debug|Any CPU
		{48070F2E-425F-4F94-BD01-4F01E111F24C}.Release|Any CPU.ActiveCfg = Release|Any CPU
		{48070F2E-425F-4F94-BD01-4F01E111F24C}.Release|Any CPU.Build.0 = Release|Any CPU
		{AB82FC05-E639-433A-99ED-F3095495AF43}.Debug|Any CPU.ActiveCfg = Debug|Any CPU
		{AB82FC05-E639-433A-99ED-F3095495AF43}.Debug|Any CPU.Build.0 = Debug|Any CPU
		{AB82FC05-E639-433A-99ED-F3095495AF43}.Release|Any CPU.ActiveCfg = Release|Any CPU
		{AB82FC05-E639-433A-99ED-F3095495AF43}.Release|Any CPU.Build.0 = Release|Any CPU
	EndGlobalSection
	GlobalSection(SolutionProperties) = preSolution
		HideSolutionNode = FALSE
	EndGlobalSection
	GlobalSection(ExtensibilityGlobals) = postSolution
		SolutionGuid = {345BCA01-4C13-4864-A069-95B8F4ABB898}
	EndGlobalSection
EndGlobal
